{
  "originHash" : "e933dabfa542f96f59ca0e61a44c7344bb6bfe58c9b074b6d22350680d834d1f",
  "pins" : [
    {
      "identity" : "swift-syntax",
      "kind" : "remoteSourceControl",
      "location" : "https://github.com/swiftlang/swift-syntax.git",
      "state" : {
        "revision" : "1d233d65009304ca4261e3e3fd9da679beca0702",
        "version" : "603.0.0-prerelease-2026-02-23"
      }
    }
  ],
  "version" : 3
}
