<?xml version="1.0" encoding="UTF-8"?>
<Scheme
   LastUpgradeVersion = "2650"
   version = "1.7">
   <BuildAction
      parallelizeBuildables = "YES"
      buildImplicitDependencies = "YES"
      buildArchitectures = "Automatic">
      <BuildActionEntries>
         <BuildActionEntry
            buildForTesting = "NO"
            buildForRunning = "YES"
            buildForProfiling = "YES"
            buildForArchiving = "YES"
            buildForAnalyzing = "YES">
            <BuildableReference
               BuildableIdentifier = "primary"
               BlueprintIdentifier = "F10000000000000000000007"
               BuildableName = "SimulationReplay"
               BlueprintName = "SimulationReplay"
               ReferencedContainer = "container:Engine2.xcodeproj">
            </BuildableReference>
         </BuildActionEntry>
      </BuildActionEntries>
   </BuildAction>
   <LaunchAction
      buildConfiguration = "Release"
      selectedDebuggerIdentifier = ""
      selectedLauncherIdentifier = "Xcode.IDEFoundation.Launcher.PosixSpawn"
      launchStyle = "0"
      useCustomWorkingDirectory = "YES"
      customWorkingDirectory = "$(PROJECT_DIR)"
      ignoresPersistentStateOnLaunch = "YES"
      debugDocumentVersioning = "NO"
      debugServiceExtension = "internal"
      allowLocationSimulation = "NO">
      <CommandLineArguments>
         <CommandLineArgument
            argument = "Fixtures/Simulation Replay/basic-game-v1.json"
            isEnabled = "YES">
         </CommandLineArgument>
         <CommandLineArgument
            argument = "--render-trace"
            isEnabled = "NO">
         </CommandLineArgument>
         <CommandLineArgument
            argument = "/tmp/engine2-basic-game-render-trace.json"
            isEnabled = "NO">
         </CommandLineArgument>
      </CommandLineArguments>
      <BuildableProductRunnable
         runnableDebuggingMode = "0">
         <BuildableReference
            BuildableIdentifier = "primary"
            BlueprintIdentifier = "F10000000000000000000007"
            BuildableName = "SimulationReplay"
            BlueprintName = "SimulationReplay"
            ReferencedContainer = "container:Engine2.xcodeproj">
         </BuildableReference>
      </BuildableProductRunnable>
   </LaunchAction>
   <ProfileAction
      buildConfiguration = "Release"
      shouldUseLaunchSchemeArgsEnv = "YES"
      savedToolIdentifier = ""
      useCustomWorkingDirectory = "YES"
      customWorkingDirectory = "$(PROJECT_DIR)"
      debugDocumentVersioning = "NO">
      <BuildableProductRunnable
         runnableDebuggingMode = "0">
         <BuildableReference
            BuildableIdentifier = "primary"
            BlueprintIdentifier = "F10000000000000000000007"
            BuildableName = "SimulationReplay"
            BlueprintName = "SimulationReplay"
            ReferencedContainer = "container:Engine2.xcodeproj">
         </BuildableReference>
      </BuildableProductRunnable>
   </ProfileAction>
   <AnalyzeAction
      buildConfiguration = "Debug">
   </AnalyzeAction>
   <ArchiveAction
      buildConfiguration = "Release"
      revealArchiveInOrganizer = "YES">
   </ArchiveAction>
</Scheme>
